// !$*UTF8*$!
{
	archiveVersion = 1;
	classes = {
	};
	objectVersion = 46;
	objects = {

/* Begin PBXBuildFile section */
		2855F4651B7E385D00C115A4 /* AppDelegate.swift in Sources */ = {isa = PBXBuildFile; fileRef = 2855F4641B7E385D00C115A4 /* AppDelegate.swift */; };
		2855F4671B7E385D00C115A4 /* ViewController.swift in Sources */ = {isa = PBXBuildFile; fileRef = 2855F4661B7E385D00C115A4 /* ViewController.swift */; };
		2855F46A1B7E385D00C115A4 /* Main.storyboard in Resources */ = {isa = PBXBuildFile; fileRef = 2855F4681B7E385D00C115A4 /* Main.storyboard */; };
		2855F46C1B7E385D00C115A4 /* Images.xcassets in Resources */ = {isa = PBXBuildFile; fileRef = 2855F46B1B7E385D00C115A4 /* Images.xcassets */; };
		2855F46F1B7E385D00C115A4 /* LaunchScreen.xib in Resources */ = {isa = PBXBuildFile; fileRef = 2855F46D1B7E385D00C115A4 /* LaunchScreen.xib */; };
		2855F47B1B7E385D00C115A4 /* JamesLecture_02Tests.swift in Sources */ = {isa = PBXBuildFile; fileRef = 2855F47A1B7E385D00C115A4 /* JamesLecture_02Tests.swift */; };
		2855F4851B7E3E9C00C115A4 /* BaseViewController.swift in Sources */ = {isa = PBXBuildFile; fileRef = 2855F4841B7E3E9C00C115A4 /* BaseViewController.swift */; };
		2855F4871B7E438A00C115A4 /* ChildViewController.swift in Sources */ = {isa = PBXBuildFile; fileRef = 2855F4861B7E438A00C115A4 /* ChildViewController.swift */; };
/* End PBXBuildFile section */

/* Begin PBXContainerItemProxy section */
		2855F4751B7E385D00C115A4 /* PBXContainerItemProxy */ = {
			isa = PBXContainerItemProxy;
			containerPortal = 2855F4571B7E385D00C115A4 /* Project object */;
			proxyType = 1;
			remoteGlobalIDString = 2855F45E1B7E385D00C115A4;
			remoteInfo = "JamesLecture-02";
		};
/* End PBXContainerItemProxy section */

/* Begin PBXFileReference section */
		2855F45F1B7E385D00C115A4 /* JamesLecture-02.app */ = {isa = PBXFileReference; explicitFileType = wrapper.application; includeInIndex = 0; path = "JamesLecture-02.app"; sourceTree = BUILT_PRODUCTS_DIR; };
		2855F4631B7E385D00C115A4 /* Info.plist */ = {isa = PBXFileReference; lastKnownFileType = text.plist.xml; path = Info.plist; sourceTree = "<group>"; };
		2855F4641B7E385D00C115A4 /* AppDelegate.swift */ = {isa = PBXFileReference; lastKnownFileType = sourcecode.swift; path = AppDelegate.swift; sourceTree = "<group>"; };
		2855F4661B7E385D00C115A4 /* ViewController.swift */ = {isa = PBXFileReference; lastKnownFileType = sourcecode.swift; path = ViewController.swift; sourceTree = "<group>"; };
		2855F4691B7E385D00C115A4 /* Base */ = {isa = PBXFileReference; lastKnownFileType = file.storyboard; name = Base; path = Base.lproj/Main.storyboard; sourceTree = "<group>"; };
		2855F46B1B7E385D00C115A4 /* Images.xcassets */ = {isa = PBXFileReference; lastKnownFileType = folder.assetcatalog; path = Images.xcassets; sourceTree = "<group>"; };
		2855F46E1B7E385D00C115A4 /* Base */ = {isa = PBXFileReference; lastKnownFileType = file.xib; name = Base; path = Base.lproj/LaunchScreen.xib; sourceTree = "<group>"; };
		2855F4741B7E385D00C115A4 /* JamesLecture-02Tests.xctest */ = {isa = PBXFileReference; explicitFileType = wrapper.cfbundle; includeInIndex = 0; path = "JamesLecture-02Tests.xctest"; sourceTree = BUILT_PRODUCTS_DIR; };
		2855F4791B7E385D00C115A4 /* Info.plist */ = {isa = PBXFileReference; lastKnownFileType = text.plist.xml; path = Info.plist; sourceTree = "<group>"; };
		2855F47A1B7E385D00C115A4 /* JamesLecture_02Tests.swift */ = {isa = PBXFileReference; lastKnownFileType = sourcecode.swift; path = JamesLecture_02Tests.swift; sourceTree = "<group>"; };
		2855F4841B7E3E9C00C115A4 /* BaseViewController.swift */ = {isa = PBXFileReference; fileEncoding = 4; lastKnownFileType = sourcecode.swift; path = BaseViewController.swift; sourceTree = "<group>"; };
		2855F4861B7E438A00C115A4 /* ChildViewController.swift */ = {isa = PBXFileReference; fileEncoding = 4; lastKnownFileType = sourcecode.swift; path = ChildViewController.swift; sourceTree = "<group>"; };
/* End PBXFileReference section */

/* Begin PBXFrameworksBuildPhase section */
		2855F45C1B7E385D00C115A4 /* Frameworks */ = {
			isa = PBXFrameworksBuildPhase;
			buildActionMask = 2147483647;
			files = (
			);
			runOnlyForDeploymentPostprocessing = 0;
		};
		2855F4711B7E385D00C115A4 /* Frameworks */ = {
			isa = PBXFrameworksBuildPhase;
			buildActionMask = 2147483647;
			files = (
			);
			runOnlyForDeploymentPostprocessing = 0;
		};
/* End PBXFrameworksBuildPhase section */

/* Begin PBXGroup section */
		2855F4561B7E385D00C115A4 = {
			isa = PBXGroup;
			children = (
				2855F4611B7E385D00C115A4 /* JamesLecture-02 */,
				2855F4771B7E385D00C115A4 /* JamesLecture-02Tests */,
				2855F4601B7E385D00C115A4 /* Products */,
			);
			sourceTree = "<group>";
		};
		2855F4601B7E385D00C115A4 /* Products */ = {
			isa = PBXGroup;
			children = (
				2855F45F1B7E385D00C115A4 /* JamesLecture-02.app */,
				2855F4741B7E385D00C115A4 /* JamesLecture-02Tests.xctest */,
			);
			name = Products;
			sourceTree = "<group>";
		};
		2855F4611B7E385D00C115A4 /* JamesLecture-02 */ = {
			isa = PBXGroup;
			children = (
				2855F4641B7E385D00C115A4 /* AppDelegate.swift */,
				2855F4661B7E385D00C115A4 /* ViewController.swift */,
				2855F4681B7E385D00C115A4 /* Main.storyboard */,
				2855F4841B7E3E9C00C115A4 /* BaseViewController.swift */,
				2855F4861B7E438A00C115A4 /* ChildViewController.swift */,
				2855F46B1B7E385D00C115A4 /* Images.xcassets */,
				2855F46D1B7E385D00C115A4 /* LaunchScreen.xib */,
				2855F4621B7E385D00C115A4 /* Supporting Files */,
			);
			path = "JamesLecture-02";
			sourceTree = "<group>";
		};
		2855F4621B7E385D00C115A4 /* Supporting Files */ = {
			isa = PBXGroup;
			children = (
				2855F4631B7E385D00C115A4 /* Info.plist */,
			);
			name = "Supporting Files";
			sourceTree = "<group>";
		};
		2855F4771B7E385D00C115A4 /* JamesLecture-02Tests */ = {
			isa = PBXGroup;
			children = (
				2855F47A1B7E385D00C115A4 /* JamesLecture_02Tests.swift */,
				2855F4781B7E385D00C115A4 /* Supporting Files */,
			);
			path = "JamesLecture-02Tests";
			sourceTree = "<group>";
		};
		2855F4781B7E385D00C115A4 /* Supporting Files */ = {
			isa = PBXGroup;
			children = (
				2855F4791B7E385D00C115A4 /* Info.plist */,
			);
			name = "Supporting Files";
			sourceTree = "<group>";
		};
/* End PBXGroup section */

/* Begin PBXNativeTarget section */
		2855F45E1B7E385D00C115A4 /* JamesLecture-02 */ = {
			isa = PBXNativeTarget;
			buildConfigurationList = 2855F47E1B7E385D00C115A4 /* Build configuration list for PBXNativeTarget "JamesLecture-02" */;
			buildPhases = (
				2855F45B1B7E385D00C115A4 /* Sources */,
				2855F45C1B7E385D00C115A4 /* Frameworks */,
				2855F45D1B7E385D00C115A4 /* Resources */,
			);
			buildRules = (
			);
			dependencies = (
			);
			name = "JamesLecture-02";
			productName = "JamesLecture-02";
			productReference = 2855F45F1B7E385D00C115A4 /* JamesLecture-02.app */;
			productType = "com.apple.product-type.application";
		};
		2855F4731B7E385D00C115A4 /* JamesLecture-02Tests */ = {
			isa = PBXNativeTarget;
			buildConfigurationList = 2855F4811B7E385D00C115A4 /* Build configuration list for PBXNativeTarget "JamesLecture-02Tests" */;
			buildPhases = (
				2855F4701B7E385D00C115A4 /* Sources */,
				2855F4711B7E385D00C115A4 /* Frameworks */,
				2855F4721B7E385D00C115A4 /* Resources */,
			);
			buildRules = (
			);
			dependencies = (
				2855F4761B7E385D00C115A4 /* PBXTargetDependency */,
			);
			name = "JamesLecture-02Tests";
			productName = "JamesLecture-02Tests";
			productReference = 2855F4741B7E385D00C115A4 /* JamesLecture-02Tests.xctest */;
			productType = "com.apple.product-type.bundle.unit-test";
		};
/* End PBXNativeTarget section */

/* Begin PBXProject section */
		2855F4571B7E385D00C115A4 /* Project object */ = {
			isa = PBXProject;
			attributes = {
				LastUpgradeCheck = 0630;
				ORGANIZATIONNAME = "Catherine Reyto";
				TargetAttributes = {
					2855F45E1B7E385D00C115A4 = {
						CreatedOnToolsVersion = 6.3.2;
					};
					2855F4731B7E385D00C115A4 = {
						CreatedOnToolsVersion = 6.3.2;
						TestTargetID = 2855F45E1B7E385D00C115A4;
					};
				};
			};
			buildConfigurationList = 2855F45A1B7E385D00C115A4 /* Build configuration list for PBXProject "JamesLecture-02" */;
			compatibilityVersion = "Xcode 3.2";
			developmentRegion = English;
			hasScannedForEncodings = 0;
			knownRegions = (
				en,
				Base,
			);
			mainGroup = 2855F4561B7E385D00C115A4;
			productRefGroup = 2855F4601B7E385D00C115A4 /* Products */;
			projectDirPath = "";
			projectRoot = "";
			targets = (
				2855F45E1B7E385D00C115A4 /* JamesLecture-02 */,
				2855F4731B7E385D00C115A4 /* JamesLecture-02Tests */,
			);
		};
/* End PBXProject section */

/* Begin PBXResourcesBuildPhase section */
		2855F45D1B7E385D00C115A4 /* Resources */ = {
			isa = PBXResourcesBuildPhase;
			buildActionMask = 2147483647;
			files = (
				2855F46A1B7E385D00C115A4 /* Main.storyboard in Resources */,
				2855F46F1B7E385D00C115A4 /* LaunchScreen.xib in Resources */,
				2855F46C1B7E385D00C115A4 /* Images.xcassets in Resources */,
			);
			runOnlyForDeploymentPostprocessing = 0;
		};
		2855F4721B7E385D00C115A4 /* Resources */ = {
			isa = PBXResourcesBuildPhase;
			buildActionMask = 2147483647;
			files = (
			);
			runOnlyForDeploymentPostprocessing = 0;
		};
/* End PBXResourcesBuildPhase section */

/* Begin PBXSourcesBuildPhase section */
		2855F45B1B7E385D00C115A4 /* Sources */ = {
			isa = PBXSourcesBuildPhase;
			buildActionMask = 2147483647;
			files = (
				2855F4671B7E385D00C115A4 /* ViewController.swift in Sources */,
				2855F4651B7E385D00C115A4 /* AppDelegate.swift in Sources */,
				2855F4851B7E3E9C00C115A4 /* BaseViewController.swift in Sources */,
				2855F4871B7E438A00C115A4 /* ChildViewController.swift in Sources */,
			);
			runOnlyForDeploymentPostprocessing = 0;
		};
		2855F4701B7E385D00C115A4 /* Sources */ = {
			isa = PBXSourcesBuildPhase;
			buildActionMask = 2147483647;
			files = (
				2855F47B1B7E385D00C115A4 /* JamesLecture_02Tests.swift in Sources */,
			);
			runOnlyForDeploymentPostprocessing = 0;
		};
/* End PBXSourcesBuildPhase section */

/* Begin PBXTargetDependency section */
		2855F4761B7E385D00C115A4 /* PBXTargetDependency */ = {
			isa = PBXTargetDependency;
			target = 2855F45E1B7E385D00C115A4 /* JamesLecture-02 */;
			targetProxy = 2855F4751B7E385D00C115A4 /* PBXContainerItemProxy */;
		};
/* End PBXTargetDependency section */

/* Begin PBXVariantGroup section */
		2855F4681B7E385D00C115A4 /* Main.storyboard */ = {
			isa = PBXVariantGroup;
			children = (
				2855F4691B7E385D00C115A4 /* Base */,
			);
			name = Main.storyboard;
			sourceTree = "<group>";
		};
		2855F46D1B7E385D00C115A4 /* LaunchScreen.xib */ = {
			isa = PBXVariantGroup;
			children = (
				2855F46E1B7E385D00C115A4 /* Base */,
			);
			name = LaunchScreen.xib;
			sourceTree = "<group>";
		};
/* End PBXVariantGroup section */

/* Begin XCBuildConfiguration section */
		2855F47C1B7E385D00C115A4 /* Debug */ = {
			isa = XCBuildConfiguration;
			buildSettings = {
				ALWAYS_SEARCH_USER_PATHS = NO;
				CLANG_CXX_LANGUAGE_STANDARD = "gnu++0x";
				CLANG_CXX_LIBRARY = "libc++";
				CLANG_ENABLE_MODULES = YES;
				CLANG_ENABLE_OBJC_ARC = YES;
				CLANG_WARN_BOOL_CONVERSION = YES;
				CLANG_WARN_CONSTANT_CONVERSION = YES;
				CLANG_WARN_DIRECT_OBJC_ISA_USAGE = YES_ERROR;
				CLANG_WARN_EMPTY_BODY = YES;
				CLANG_WARN_ENUM_CONVERSION = YES;
				CLANG_WARN_INT_CONVERSION = YES;
				CLANG_WARN_OBJC_ROOT_CLASS = YES_ERROR;
				CLANG_WARN_UNREACHABLE_CODE = YES;
				CLANG_WARN__DUPLICATE_METHOD_MATCH = YES;
				"CODE_SIGN_IDENTITY[sdk=iphoneos*]" = "iPhone Developer";
				COPY_PHASE_STRIP = NO;
				DEBUG_INFORMATION_FORMAT = "dwarf-with-dsym";
				ENABLE_STRICT_OBJC_MSGSEND = YES;
				GCC_C_LANGUAGE_STANDARD = gnu99;
				GCC_DYNAMIC_NO_PIC = NO;
				GCC_NO_COMMON_BLOCKS = YES;
				GCC_OPTIMIZATION_LEVEL = 0;
				GCC_PREPROCESSOR_DEFINITIONS = (
					"DEBUG=1",
					"$(inherited)",
				);
				GCC_SYMBOLS_PRIVATE_EXTERN = NO;
				GCC_WARN_64_TO_32_BIT_CONVERSION = YES;
				GCC_WARN_ABOUT_RETURN_TYPE = YES_ERROR;
				GCC_WARN_UNDECLARED_SELECTOR = YES;
				GCC_WARN_UNINITIALIZED_AUTOS = YES_AGGRESSIVE;
				GCC_WARN_UNUSED_FUNCTION = YES;
				GCC_WARN_UNUSED_VARIABLE = YES;
				IPHONEOS_DEPLOYMENT_TARGET = 8.3;
				MTL_ENABLE_DEBUG_INFO = YES;
				ONLY_ACTIVE_ARCH = YES;
				SDKROOT = iphoneos;
				SWIFT_OPTIMIZATION_LEVEL = "-Onone";
			};
			name = Debug;
		};
		2855F47D1B7E385D00C115A4 /* Release */ = {
			isa = XCBuildConfiguration;
			buildSettings = {
				ALWAYS_SEARCH_USER_PATHS = NO;
				CLANG_CXX_LANGUAGE_STANDARD = "gnu++0x";
				CLANG_CXX_LIBRARY = "libc++";
				CLANG_ENABLE_MODULES = YES;
				CLANG_ENABLE_OBJC_ARC = YES;
				CLANG_WARN_BOOL_CONVERSION = YES;
				CLANG_WARN_CONSTANT_CONVERSION = YES;
				CLANG_WARN_DIRECT_OBJC_ISA_USAGE = YES_ERROR;
				CLANG_WARN_EMPTY_BODY = YES;
				CLANG_WARN_ENUM_CONVERSION = YES;
				CLANG_WARN_INT_CONVERSION = YES;
				CLANG_WARN_OBJC_ROOT_CLASS = YES_ERROR;
				CLANG_WARN_UNREACHABLE_CODE = YES;
				CLANG_WARN__DUPLICATE_METHOD_MATCH = YES;
				"CODE_SIGN_IDENTITY[sdk=iphoneos*]" = "iPhone Developer";
				COPY_PHASE_STRIP = NO;
				DEBUG_INFORMATION_FORMAT = "dwarf-with-dsym";
				ENABLE_NS_ASSERTIONS = NO;
				ENABLE_STRICT_OBJC_MSGSEND = YES;
				GCC_C_LANGUAGE_STANDARD = gnu99;
				GCC_NO_COMMON_BLOCKS = YES;
				GCC_WARN_64_TO_32_BIT_CONVERSION = YES;
				GCC_WARN_ABOUT_RETURN_TYPE = YES_ERROR;
				GCC_WARN_UNDECLARED_SELECTOR = YES;
				GCC_WARN_UNINITIALIZED_AUTOS = YES_AGGRESSIVE;
				GCC_WARN_UNUSED_FUNCTION = YES;
				GCC_WARN_UNUSED_VARIABLE = YES;
				IPHONEOS_DEPLOYMENT_TARGET = 8.3;
				MTL_ENABLE_DEBUG_INFO = NO;
				SDKROOT = iphoneos;
				VALIDATE_PRODUCT = YES;
			};
			name = Release;
		};
		2855F47F1B7E385D00C115A4 /* Debug */ = {
			isa = XCBuildConfiguration;
			buildSettings = {
				ASSETCATALOG_COMPILER_APPICON_NAME = AppIcon;
				INFOPLIST_FILE = "JamesLecture-02/Info.plist";
				LD_RUNPATH_SEARCH_PATHS = "$(inherited) @executable_path/Frameworks";
				PRODUCT_NAME = "$(TARGET_NAME)";
			};
			name = Debug;
		};
		2855F4801B7E385D00C115A4 /* Release */ = {
			isa = XCBuildConfiguration;
			buildSettings = {
				ASSETCATALOG_COMPILER_APPICON_NAME = AppIcon;
				INFOPLIST_FILE = "JamesLecture-02/Info.plist";
				LD_RUNPATH_SEARCH_PATHS = "$(inherited) @executable_path/Frameworks";
				PRODUCT_NAME = "$(TARGET_NAME)";
			};
			name = Release;
		};
		2855F4821B7E385D00C115A4 /* Debug */ = {
			isa = XCBuildConfiguration;
			buildSettings = {
				BUNDLE_LOADER = "$(TEST_HOST)";
				FRAMEWORK_SEARCH_PATHS = (
					"$(SDKROOT)/Developer/Library/Frameworks",
					"$(inherited)",
				);
				GCC_PREPROCESSOR_DEFINITIONS = (
					"DEBUG=1",
					"$(inherited)",
				);
				INFOPLIST_FILE = "JamesLecture-02Tests/Info.plist";
				LD_RUNPATH_SEARCH_PATHS = "$(inherited) @executable_path/Frameworks @loader_path/Frameworks";
				PRODUCT_NAME = "$(TARGET_NAME)";
				TEST_HOST = "$(BUILT_PRODUCTS_DIR)/JamesLecture-02.app/JamesLecture-02";
			};
			name = Debug;
		};
		2855F4831B7E385D00C115A4 /* Release */ = {
			isa = XCBuildConfiguration;
			buildSettings = {
				BUNDLE_LOADER = "$(TEST_HOST)";
				FRAMEWORK_SEARCH_PATHS = (
					"$(SDKROOT)/Developer/Library/Frameworks",
					"$(inherited)",
				);
				INFOPLIST_FILE = "JamesLecture-02Tests/Info.plist";
				LD_RUNPATH_SEARCH_PATHS = "$(inherited) @executable_path/Frameworks @loader_path/Frameworks";
				PRODUCT_NAME = "$(TARGET_NAME)";
				TEST_HOST = "$(BUILT_PRODUCTS_DIR)/JamesLecture-02.app/JamesLecture-02";
			};
			name = Release;
		};
/* End XCBuildConfiguration section */

/* Begin XCConfigurationList section */
		2855F45A1B7E385D00C115A4 /* Build configuration list for PBXProject "JamesLecture-02" */ = {
			isa = XCConfigurationList;
			buildConfigurations = (
				2855F47C1B7E385D00C115A4 /* Debug */,
				2855F47D1B7E385D00C115A4 /* Release */,
			);
			defaultConfigurationIsVisible = 0;
			defaultConfigurationName = Release;
		};
		2855F47E1B7E385D00C115A4 /* Build configuration list for PBXNativeTarget "JamesLecture-02" */ = {
			isa = XCConfigurationList;
			buildConfigurations = (
				2855F47F1B7E385D00C115A4 /* Debug */,
				2855F4801B7E385D00C115A4 /* Release */,
			);
			defaultConfigurationIsVisible = 0;
		};
		2855F4811B7E385D00C115A4 /* Build configuration list for PBXNativeTarget "JamesLecture-02Tests" */ = {
			isa = XCConfigurationList;
			buildConfigurations = (
				2855F4821B7E385D00C115A4 /* Debug */,
				2855F4831B7E385D00C115A4 /* Release */,
			);
			defaultConfigurationIsVisible = 0;
		};
/* End XCConfigurationList section */
	};
	rootObject = 2855F4571B7E385D00C115A4 /* Project object */;
}
